
Microsoft Visual Studio Solution File, Format Version 12.00
# Visual Studio Version 17
VisualStudioVersion = 17.6.33723.286
MinimumVisualStudioVersion = 10.0.40219.1
Project("{FAE04EC0-301F-11D3-BF4B-00C04F79EFBC}") = "ConsoleApp1", "ConsoleApp1.csproj", "{35802A5D-7BDB-48EE-8470-A7A78602E161}"
EndProject
Global
	GlobalSection(SolutionConfigurationPlatforms) = preSolution
		Debug|Any CPU = Debug|Any CPU
		Release|Any CPU = Release|Any CPU
	EndGlobalSection
	GlobalSection(ProjectConfigurationPlatforms) = postSolution
		{35802A5D-7BDB-48EE-8470-A7A78602E161}.Debug|Any CPU.ActiveCfg = Debug|Any CPU
		{35802A5D-7BDB-48EE-8470-A7A78602E161}.Debug|Any CPU.Build.0 = Debug|Any CPU
		{35802A5D-7BDB-48EE-8470-A7A78602E161}.Release|Any CPU.ActiveCfg = Release|Any CPU
		{35802A5D-7BDB-48EE-8470-A7A78602E161}.Release|Any CPU.Build.0 = Release|Any CPU
	EndGlobalSection
	GlobalSection(SolutionProperties) = preSolution
		HideSolutionNode = FALSE
	EndGlobalSection
	GlobalSection(ExtensibilityGlobals) = postSolution
		SolutionGuid = {3C742E0F-8D31-4F7C-845F-9760C929D455}
	EndGlobalSection
EndGlobal
